
Microsoft Visual Studio Solution File, Format Version 12.00
# Visual Studio 14
VisualStudioVersion = 14.0.25420.1
MinimumVisualStudioVersion = 10.0.40219.1
Project("{FAE04EC0-301F-11D3-BF4B-00C04F79EFBC}") = "UI", "UI\UI.csproj", "{C93503FA-AABC-4D48-A640-4BA679A3FE9C}"
EndProject
Project("{FAE04EC0-301F-11D3-BF4B-00C04F79EFBC}") = "BLL", "BLL\BLL.csproj", "{8E4E6B61-35FF-4CFD-9A6F-B6AF28B580F4}"
EndProject
Project("{FAE04EC0-301F-11D3-BF4B-00C04F79EFBC}") = "Model", "Model\Model.csproj", "{B09C617B-A6B9-4637-8F57-D2F7DEFDA51B}"
EndProject
Project("{FAE04EC0-301F-11D3-BF4B-00C04F79EFBC}") = "IDAL", "IDAL\IDAL.csproj", "{FCFD20A8-610B-425D-A0E3-30A41D88D6F2}"
EndProject
Project("{FAE04EC0-301F-11D3-BF4B-00C04F79EFBC}") = "SQLServerDAL", "SQLServerDAL\SQLServerDAL.csproj", "{61FD4264-1B01-4810-9591-7473E747A95F}"
EndProject
Project("{FAE04EC0-301F-11D3-BF4B-00C04F79EFBC}") = "DALFactory", "DALFactory\DALFactory.csproj", "{A0F76DBF-A6FD-4374-BED8-3AD0CCDA17AE}"
EndProject
Project("{FAE04EC0-301F-11D3-BF4B-00C04F79EFBC}") = "DBUtil", "DBUtil\DBUtil.csproj", "{CE991FEE-4650-45F5-A404-A814C7521C50}"
EndProject
Global
	GlobalSection(SolutionConfigurationPlatforms) = preSolution
		Debug|Any CPU = Debug|Any CPU
		Release|Any CPU = Release|Any CPU
	EndGlobalSection
	GlobalSection(ProjectConfigurationPlatforms) = postSolution
		{C93503FA-AABC-4D48-A640-4BA679A3FE9C}.Debug|Any CPU.ActiveCfg = Debug|Any CPU
		{C93503FA-AABC-4D48-A640-4BA679A3FE9C}.Debug|Any CPU.Build.0 = Debug|Any CPU
		{C93503FA-AABC-4D48-A640-4BA679A3FE9C}.Release|Any CPU.ActiveCfg = Release|Any CPU
		{C93503FA-AABC-4D48-A640-4BA679A3FE9C}.Release|Any CPU.Build.0 = Release|Any CPU
		{8E4E6B61-35FF-4CFD-9A6F-B6AF28B580F4}.Debug|Any CPU.ActiveCfg = Debug|Any CPU
		{8E4E6B61-35FF-4CFD-9A6F-B6AF28B580F4}.Debug|Any CPU.Build.0 = Debug|Any CPU
		{8E4E6B61-35FF-4CFD-9A6F-B6AF28B580F4}.Release|Any CPU.ActiveCfg = Release|Any CPU
		{8E4E6B61-35FF-4CFD-9A6F-B6AF28B580F4}.Release|Any CPU.Build.0 = Release|Any CPU
		{B09C617B-A6B9-4637-8F57-D2F7DEFDA51B}.Debug|Any CPU.ActiveCfg = Debug|Any CPU
		{B09C617B-A6B9-4637-8F57-D2F7DEFDA51B}.Debug|Any CPU.Build.0 = Debug|Any CPU
		{B09C617B-A6B9-4637-8F57-D2F7DEFDA51B}.Release|Any CPU.ActiveCfg = Release|Any CPU
		{B09C617B-A6B9-4637-8F57-D2F7DEFDA51B}.Release|Any CPU.Build.0 = Release|Any CPU
		{FCFD20A8-610B-425D-A0E3-30A41D88D6F2}.Debug|Any CPU.ActiveCfg = Debug|Any CPU
		{FCFD20A8-610B-425D-A0E3-30A41D88D6F2}.Debug|Any CPU.Build.0 = Debug|Any CPU
		{FCFD20A8-610B-425D-A0E3-30A41D88D6F2}.Release|Any CPU.ActiveCfg = Release|Any CPU
		{FCFD20A8-610B-425D-A0E3-30A41D88D6F2}.Release|Any CPU.Build.0 = Release|Any CPU
		{61FD4264-1B01-4810-9591-7473E747A95F}.Debug|Any CPU.ActiveCfg = Debug|Any CPU
		{61FD4264-1B01-4810-9591-7473E747A95F}.Debug|Any CPU.Build.0 = Debug|Any CPU
		{61FD4264-1B01-4810-9591-7473E747A95F}.Release|Any CPU.ActiveCfg = Release|Any CPU
		{61FD4264-1B01-4810-9591-7473E747A95F}.Release|Any CPU.Build.0 = Release|Any CPU
		{A0F76DBF-A6FD-4374-BED8-3AD0CCDA17AE}.Debug|Any CPU.ActiveCfg = Debug|Any CPU
		{A0F76DBF-A6FD-4374-BED8-3AD0CCDA17AE}.Debug|Any CPU.Build.0 = Debug|Any CPU
		{A0F76DBF-A6FD-4374-BED8-3AD0CCDA17AE}.Release|Any CPU.ActiveCfg = Release|Any CPU
		{A0F76DBF-A6FD-4374-BED8-3AD0CCDA17AE}.Release|Any CPU.Build.0 = Release|Any CPU
		{CE991FEE-4650-45F5-A404-A814C7521C50}.Debug|Any CPU.ActiveCfg = Debug|Any CPU
		{CE991FEE-4650-45F5-A404-A814C7521C50}.Debug|Any CPU.Build.0 = Debug|Any CPU
		{CE991FEE-4650-45F5-A404-A814C7521C50}.Release|Any CPU.ActiveCfg = Release|Any CPU
		{CE991FEE-4650-45F5-A404-A814C7521C50}.Release|Any CPU.Build.0 = Release|Any CPU
	EndGlobalSection
	GlobalSection(SolutionProperties) = preSolution
		HideSolutionNode = FALSE
	EndGlobalSection
EndGlobal
